
Microsoft Visual Studio Solution File, Format Version 12.00
# Visual Studio Version 16
VisualStudioVersion = 16.0.31129.286
MinimumVisualStudioVersion = 10.0.40219.1
Project("{8BC9CEB8-8B4A-11D0-8D11-00A0C91BC942}") = "DxLibSample1", "DxLibSample1.vcxproj", "{D9743F53-B627-4023-8308-A43D59EFAA5F}"
EndProject
Global
	GlobalSection(SolutionConfigurationPlatforms) = preSolution
		Debug|x64 = Debug|x64
		Debug|x86 = Debug|x86
		Release|x64 = Release|x64
		Release|x86 = Release|x86
	EndGlobalSection
	GlobalSection(ProjectConfigurationPlatforms) = postSolution
		{D9743F53-B627-4023-8308-A43D59EFAA5F}.Debug|x64.ActiveCfg = Debug|x64
		{D9743F53-B627-4023-8308-A43D59EFAA5F}.Debug|x64.Build.0 = Debug|x64
		{D9743F53-B627-4023-8308-A43D59EFAA5F}.Debug|x86.ActiveCfg = Debug|Win32
		{D9743F53-B627-4023-8308-A43D59EFAA5F}.Debug|x86.Build.0 = Debug|Win32
		{D9743F53-B627-4023-8308-A43D59EFAA5F}.Release|x64.ActiveCfg = Release|x64
		{D9743F53-B627-4023-8308-A43D59EFAA5F}.Release|x64.Build.0 = Release|x64
		{D9743F53-B627-4023-8308-A43D59EFAA5F}.Release|x86.ActiveCfg = Release|Win32
		{D9743F53-B627-4023-8308-A43D59EFAA5F}.Release|x86.Build.0 = Release|Win32
	EndGlobalSection
	GlobalSection(SolutionProperties) = preSolution
		HideSolutionNode = FALSE
	EndGlobalSection
	GlobalSection(ExtensibilityGlobals) = postSolution
		SolutionGuid = {C8FC5F84-7817-41C6-AD96-408E914E429D}
	EndGlobalSection
EndGlobal
